
Microsoft Visual Studio Solution File, Format Version 12.00
# Visual Studio Version 17
VisualStudioVersion = 17.4.33213.308
MinimumVisualStudioVersion = 10.0.40219.1
Project("{FAE04EC0-301F-11D3-BF4B-00C04F79EFBC}") = "ImageSaver", "ImageSaver\ImageSaver.csproj", "{51178083-593F-48B4-895D-2F1C8FDD3061}"
EndProject
Global
	GlobalSection(SolutionConfigurationPlatforms) = preSolution
		Debug|Any CPU = Debug|Any CPU
		Release|Any CPU = Release|Any CPU
	EndGlobalSection
	GlobalSection(ProjectConfigurationPlatforms) = postSolution
		{51178083-593F-48B4-895D-2F1C8FDD3061}.Debug|Any CPU.ActiveCfg = Debug|Any CPU
		{51178083-593F-48B4-895D-2F1C8FDD3061}.Debug|Any CPU.Build.0 = Debug|Any CPU
		{51178083-593F-48B4-895D-2F1C8FDD3061}.Release|Any CPU.ActiveCfg = Release|Any CPU
		{51178083-593F-48B4-895D-2F1C8FDD3061}.Release|Any CPU.Build.0 = Release|Any CPU
	EndGlobalSection
	GlobalSection(SolutionProperties) = preSolution
		HideSolutionNode = FALSE
	EndGlobalSection
	GlobalSection(ExtensibilityGlobals) = postSolution
		SolutionGuid = {E35DF235-69AB-4D69-A02B-194268705A22}
	EndGlobalSection
EndGlobal
